
Microsoft Visual Studio Solution File, Format Version 12.00
# Visual Studio Version 16
VisualStudioVersion = 16.0.36324.18
MinimumVisualStudioVersion = 10.0.40219.1
Project("{FAE04EC0-301F-11D3-BF4B-00C04F79EFBC}") = "SistemaEscolar", "SistemaEscolar\SistemaEscolar.csproj", "{A5EA071A-D404-4660-B2AA-CF5F4896FE65}"
EndProject
Global
	GlobalSection(SolutionConfigurationPlatforms) = preSolution
		Debug|Any CPU = Debug|Any CPU
		Release|Any CPU = Release|Any CPU
	EndGlobalSection
	GlobalSection(ProjectConfigurationPlatforms) = postSolution
		{A5EA071A-D404-4660-B2AA-CF5F4896FE65}.Debug|Any CPU.ActiveCfg = Debug|Any CPU
		{A5EA071A-D404-4660-B2AA-CF5F4896FE65}.Debug|Any CPU.Build.0 = Debug|Any CPU
		{A5EA071A-D404-4660-B2AA-CF5F4896FE65}.Release|Any CPU.ActiveCfg = Release|Any CPU
		{A5EA071A-D404-4660-B2AA-CF5F4896FE65}.Release|Any CPU.Build.0 = Release|Any CPU
	EndGlobalSection
	GlobalSection(SolutionProperties) = preSolution
		HideSolutionNode = FALSE
	EndGlobalSection
	GlobalSection(ExtensibilityGlobals) = postSolution
		SolutionGuid = {98D71938-A475-4B2B-A846-A5266E5F71C4}
	EndGlobalSection
EndGlobal
